<?xml version="1.0" encoding="utf-8"?>
<Project ToolsVersion="4.0" xmlns="http://schemas.microsoft.com/developer/msbuild/2003">
  <ItemGroup>
    <Filter Include="Source Files">
      <UniqueIdentifier>{4FC737F1-C7A5-4376-A066-2A32D752A2FF}</UniqueIdentifier>
      <Extensions>cpp;c;cc;cxx;def;odl;idl;hpj;bat;asm;asmx</Extensions>
    </Filter>
    <Filter Include="Header Files">
      <UniqueIdentifier>{93995380-89BD-4b04-88EB-625FBE52EBFB}</UniqueIdentifier>
      <Extensions>h;hh;hpp;hxx;hm;inl;inc;xsd</Extensions>
    </Filter>
    <Filter Include="Resource Files">
      <UniqueIdentifier>{67DA6AB6-F800-4c08-8B7A-83BB121AAD01}</UniqueIdentifier>
      <Extensions>rc;ico;cur;bmp;dlg;rc2;rct;bin;rgs;gif;jpg;jpeg;jpe;resx;tiff;tif;png;wav</Extensions>
    </Filter>
  </ItemGroup>
  <ItemGroup>
    <ClCompile Include="src\event.cc">
      <Filter>Source Files</Filter>
    </ClCompile>
    <ClCompile Include="src\filebrowser.cc">
      <Filter>Source Files</Filter>
    </ClCompile>
    <ClCompile Include="src\main.cc">
      <Filter>Source Files</Filter>
    </ClCompile>
    <ClCompile Include="src\script.cc">
      <Filter>Source Files</Filter>
    </ClCompile>
    <ClCompile Include="src\util.cc">
      <Filter>Source Files</Filter>
    </ClCompile>
    <ClCompile Include="src\video.cc">
      <Filter>Source Files</Filter>
    </ClCompile>
    <ClCompile Include="src\lua\gml_lua.cc">
      <Filter>Source Files</Filter>
    </ClCompile>
    <ClCompile Include="src\lua\imgui_lua.cc">
      <Filter>Source Files</Filter>
    </ClCompile>
    <ClCompile Include="src\lua\opengl_lua.cc">
      <Filter>Source Files</Filter>
    </ClCompile>
    <ClCompile Include="src\lua\sdl2_lua.cc">
      <Filter>Source Files</Filter>
    </ClCompile>
    <ClCompile Include="src\lua\video_lua.cc">
      <Filter>Source Files</Filter>
    </ClCompile>
    <ClCompile Include="src\opengl\framebuffer.cc">
      <Filter>Source Files</Filter>
    </ClCompile>
    <ClCompile Include="src\opengl\glmodel.cc">
      <Filter>Source Files</Filter>
    </ClCompile>
    <ClCompile Include="src\opengl\glshader.cc">
      <Filter>Source Files</Filter>
    </ClCompile>
    <ClCompile Include="src\opengl\gpubuffer.cc">
      <Filter>Source Files</Filter>
    </ClCompile>
  </ItemGroup>
  <ItemGroup>
    <ClInclude Include="src\error.h">
      <Filter>Header Files</Filter>
    </ClInclude>
    <ClInclude Include="src\event.h">
      <Filter>Header Files</Filter>
    </ClInclude>
    <ClInclude Include="src\filebrowser.h">
      <Filter>Header Files</Filter>
    </ClInclude>
    <ClInclude Include="src\script.h">
      <Filter>Header Files</Filter>
    </ClInclude>
    <ClInclude Include="src\util.h">
      <Filter>Header Files</Filter>
    </ClInclude>
    <ClInclude Include="src\video.h">
      <Filter>Header Files</Filter>
    </ClInclude>
    <ClInclude Include="src\lib\sol.h">
      <Filter>Header Files</Filter>
    </ClInclude>
    <ClInclude Include="src\lib\tinydir.h">
      <Filter>Header Files</Filter>
    </ClInclude>
    <ClInclude Include="src\lib\tiny_obj_loader.h">
      <Filter>Header Files</Filter>
    </ClInclude>
    <ClInclude Include="src\lua\gml_dont_explode.h">
      <Filter>Header Files</Filter>
    </ClInclude>
    <ClInclude Include="src\lua\gml_lua.h">
      <Filter>Header Files</Filter>
    </ClInclude>
    <ClInclude Include="src\lua\imgui_lua.h">
      <Filter>Header Files</Filter>
    </ClInclude>
    <ClInclude Include="src\lua\opengl_lua.h">
      <Filter>Header Files</Filter>
    </ClInclude>
    <ClInclude Include="src\lua\sdl2_lua.h">
      <Filter>Header Files</Filter>
    </ClInclude>
    <ClInclude Include="src\lua\util_lua.h">
      <Filter>Header Files</Filter>
    </ClInclude>
    <ClInclude Include="src\lua\video_lua.h">
      <Filter>Header Files</Filter>
    </ClInclude>
    <ClInclude Include="src\opengl\framebuffer.h">
      <Filter>Header Files</Filter>
    </ClInclude>
    <ClInclude Include="src\opengl\glmodel.h">
      <Filter>Header Files</Filter>
    </ClInclude>
    <ClInclude Include="src\opengl\glshader.h">
      <Filter>Header Files</Filter>
    </ClInclude>
    <ClInclude Include="src\opengl\gltype.h">
      <Filter>Header Files</Filter>
    </ClInclude>
    <ClInclude Include="src\opengl\gpubuffer.h">
      <Filter>Header Files</Filter>
    </ClInclude>
  </ItemGroup>
</Project>