<?xml version="1.0" encoding="utf-8"?>
<Project ToolsVersion="4.0" xmlns="http://schemas.microsoft.com/developer/msbuild/2003">
  <ItemGroup>
    <Filter Include="Source Files">
      <UniqueIdentifier>{4FC737F1-C7A5-4376-A066-2A32D752A2FF}</UniqueIdentifier>
      <Extensions>cpp;c;cc;cxx;def;odl;idl;hpj;bat;asm;asmx</Extensions>
    </Filter>
    <Filter Include="Header Files">
      <UniqueIdentifier>{93995380-89BD-4b04-88EB-625FBE52EBFB}</UniqueIdentifier>
      <Extensions>h;hh;hpp;hxx;hm;inl;inc;xsd</Extensions>
    </Filter>
    <Filter Include="Resource Files">
      <UniqueIdentifier>{67DA6AB6-F800-4c08-8B7A-83BB121AAD01}</UniqueIdentifier>
      <Extensions>rc;ico;cur;bmp;dlg;rc2;rct;bin;rgs;gif;jpg;jpeg;jpe;resx;tiff;tif;png;wav</Extensions>
    </Filter>
  </ItemGroup>
  <ItemGroup>
    <ClCompile Include="src\event.cc">
      <Filter>Source Files</Filter>
    </ClCompile>
    <ClCompile Include="src\filebrowser.cc">
      <Filter>Source Files</Filter>
    </ClCompile>
    <ClCompile Include="src\main.cc">
      <Filter>Source Files</Filter>
    </ClCompile>
    <ClCompile Include="src\script.cc">
      <Filter>Source Files</Filter>
    </ClCompile>
    <ClCompile Include="src\util.cc">
      <Filter>Source Files</Filter>
    </ClCompile>
    <ClCompile Include="src\video.cc">
      <Filter>Source Files</Filter>
    </ClCompile>
    <ClCompile Include="src\lua\gml_lua.cc">
      <Filter>Source Files</Filter>
    </ClCompile>
    <ClCompile Include="src\lua\imgui_lua.cc">
      <Filter>Source Files</Filter>
    </ClCompile>
    <ClCompile Include="src\lua\opengl_lua.cc">
      <Filter>Source Files</Filter>
    </ClCompile>
    <ClCompile Include="src\lua\sdl2_lua.cc">
      <Filter>Source Files</Filter>
    </ClCompile>
    <ClCompile Include="src\lua\video_lua.cc">
      <Filter>Source Files</Filter>
    </ClCompile>
    <ClCompile Include="src\opengl\framebuffer.cc">
      <Filter>Source Files</Filter>
    </ClCompile>
    <ClCompile Include="src\opengl\glmodel.cc">
      <Filter>Source Files</Filter>
    </ClCompile>
    <ClCompile Include="src\opengl\glshader.cc">
      <Filter>Source Files</Filter>
    </ClCompile>
    <ClCompile Include="src\opengl\gpubuffer.cc">
      <Filter>Source Files</Filter>
    </ClCompile>
    <ClCompile Include="external\windows\lua-5.3.4\src\lapi.c">
      <Filter>Source Files</Filter>
    </ClCompile>
    <ClCompile Include="external\windows\lua-5.3.4\src\lauxlib.c">
      <Filter>Source Files</Filter>
    </ClCompile>
    <ClCompile Include="external\windows\lua-5.3.4\src\lbaselib.c">
      <Filter>Source Files</Filter>
    </ClCompile>
    <ClCompile Include="external\windows\lua-5.3.4\src\lbitlib.c">
      <Filter>Source Files</Filter>
    </ClCompile>
    <ClCompile Include="external\windows\lua-5.3.4\src\lcode.c">
      <Filter>Source Files</Filter>
    </ClCompile>
    <ClCompile Include="external\windows\lua-5.3.4\src\lcorolib.c">
      <Filter>Source Files</Filter>
    </ClCompile>
    <ClCompile Include="external\windows\lua-5.3.4\src\lctype.c">
      <Filter>Source Files</Filter>
    </ClCompile>
    <ClCompile Include="external\windows\lua-5.3.4\src\ldblib.c">
      <Filter>Source Files</Filter>
    </ClCompile>
    <ClCompile Include="external\windows\lua-5.3.4\src\ldebug.c">
      <Filter>Source Files</Filter>
    </ClCompile>
    <ClCompile Include="external\windows\lua-5.3.4\src\ldo.c">
      <Filter>Source Files</Filter>
    </ClCompile>
    <ClCompile Include="external\windows\lua-5.3.4\src\ldump.c">
      <Filter>Source Files</Filter>
    </ClCompile>
    <ClCompile Include="external\windows\lua-5.3.4\src\lfunc.c">
      <Filter>Source Files</Filter>
    </ClCompile>
    <ClCompile Include="external\windows\lua-5.3.4\src\lgc.c">
      <Filter>Source Files</Filter>
    </ClCompile>
    <ClCompile Include="external\windows\lua-5.3.4\src\linit.c">
      <Filter>Source Files</Filter>
    </ClCompile>
    <ClCompile Include="external\windows\lua-5.3.4\src\liolib.c">
      <Filter>Source Files</Filter>
    </ClCompile>
    <ClCompile Include="external\windows\lua-5.3.4\src\llex.c">
      <Filter>Source Files</Filter>
    </ClCompile>
    <ClCompile Include="external\windows\lua-5.3.4\src\lmathlib.c">
      <Filter>Source Files</Filter>
    </ClCompile>
    <ClCompile Include="external\windows\lua-5.3.4\src\lmem.c">
      <Filter>Source Files</Filter>
    </ClCompile>
    <ClCompile Include="external\windows\lua-5.3.4\src\loadlib.c">
      <Filter>Source Files</Filter>
    </ClCompile>
    <ClCompile Include="external\windows\lua-5.3.4\src\lobject.c">
      <Filter>Source Files</Filter>
    </ClCompile>
    <ClCompile Include="external\windows\lua-5.3.4\src\lopcodes.c">
      <Filter>Source Files</Filter>
    </ClCompile>
    <ClCompile Include="external\windows\lua-5.3.4\src\loslib.c">
      <Filter>Source Files</Filter>
    </ClCompile>
    <ClCompile Include="external\windows\lua-5.3.4\src\lparser.c">
      <Filter>Source Files</Filter>
    </ClCompile>
    <ClCompile Include="external\windows\lua-5.3.4\src\lstate.c">
      <Filter>Source Files</Filter>
    </ClCompile>
    <ClCompile Include="external\windows\lua-5.3.4\src\lstring.c">
      <Filter>Source Files</Filter>
    </ClCompile>
    <ClCompile Include="external\windows\lua-5.3.4\src\lstrlib.c">
      <Filter>Source Files</Filter>
    </ClCompile>
    <ClCompile Include="external\windows\lua-5.3.4\src\ltable.c">
      <Filter>Source Files</Filter>
    </ClCompile>
    <ClCompile Include="external\windows\lua-5.3.4\src\ltablib.c">
      <Filter>Source Files</Filter>
    </ClCompile>
    <ClCompile Include="external\windows\lua-5.3.4\src\ltm.c">
      <Filter>Source Files</Filter>
    </ClCompile>
    <ClCompile Include="external\windows\lua-5.3.4\src\lundump.c">
      <Filter>Source Files</Filter>
    </ClCompile>
    <ClCompile Include="external\windows\lua-5.3.4\src\lutf8lib.c">
      <Filter>Source Files</Filter>
    </ClCompile>
    <ClCompile Include="external\windows\lua-5.3.4\src\lvm.c">
      <Filter>Source Files</Filter>
    </ClCompile>
    <ClCompile Include="external\windows\lua-5.3.4\src\lzio.c">
      <Filter>Source Files</Filter>
    </ClCompile>
    <ClCompile Include="src\lib\imgui\imgui.cpp">
      <Filter>Source Files</Filter>
    </ClCompile>
    <ClCompile Include="src\lib\imgui\examples\sdl_opengl3_example\imgui_impl_sdl_gl3.cpp">
      <Filter>Source Files</Filter>
    </ClCompile>
    <ClCompile Include="src\lib\imgui\examples\sdl_opengl3_example\gl3w.c">
      <Filter>Source Files</Filter>
    </ClCompile>
    <ClCompile Include="src\lib\imgui\imgui_draw.cpp">
      <Filter>Source Files</Filter>
    </ClCompile>
    <ClCompile Include="src\lib\imgui\imgui_demo.cpp">
      <Filter>Source Files</Filter>
    </ClCompile>
    <ClCompile Include="src\lua\system_lua.cc">
      <Filter>Source Files</Filter>
    </ClCompile>
  </ItemGroup>
  <ItemGroup>
    <ClInclude Include="src\error.h">
      <Filter>Header Files</Filter>
    </ClInclude>
    <ClInclude Include="src\event.h">
      <Filter>Header Files</Filter>
    </ClInclude>
    <ClInclude Include="src\filebrowser.h">
      <Filter>Header Files</Filter>
    </ClInclude>
    <ClInclude Include="src\script.h">
      <Filter>Header Files</Filter>
    </ClInclude>
    <ClInclude Include="src\util.h">
      <Filter>Header Files</Filter>
    </ClInclude>
    <ClInclude Include="src\video.h">
      <Filter>Header Files</Filter>
    </ClInclude>
    <ClInclude Include="src\lib\sol.h">
      <Filter>Header Files</Filter>
    </ClInclude>
    <ClInclude Include="src\lib\tinydir.h">
      <Filter>Header Files</Filter>
    </ClInclude>
    <ClInclude Include="src\lib\tiny_obj_loader.h">
      <Filter>Header Files</Filter>
    </ClInclude>
    <ClInclude Include="src\lua\gml_dont_explode.h">
      <Filter>Header Files</Filter>
    </ClInclude>
    <ClInclude Include="src\lua\gml_lua.h">
      <Filter>Header Files</Filter>
    </ClInclude>
    <ClInclude Include="src\lua\imgui_lua.h">
      <Filter>Header Files</Filter>
    </ClInclude>
    <ClInclude Include="src\lua\opengl_lua.h">
      <Filter>Header Files</Filter>
    </ClInclude>
    <ClInclude Include="src\lua\sdl2_lua.h">
      <Filter>Header Files</Filter>
    </ClInclude>
    <ClInclude Include="src\lua\util_lua.h">
      <Filter>Header Files</Filter>
    </ClInclude>
    <ClInclude Include="src\lua\video_lua.h">
      <Filter>Header Files</Filter>
    </ClInclude>
    <ClInclude Include="src\opengl\framebuffer.h">
      <Filter>Header Files</Filter>
    </ClInclude>
    <ClInclude Include="src\opengl\glmodel.h">
      <Filter>Header Files</Filter>
    </ClInclude>
    <ClInclude Include="src\opengl\glshader.h">
      <Filter>Header Files</Filter>
    </ClInclude>
    <ClInclude Include="src\opengl\gltype.h">
      <Filter>Header Files</Filter>
    </ClInclude>
    <ClInclude Include="src\opengl\gpubuffer.h">
      <Filter>Header Files</Filter>
    </ClInclude>
    <ClInclude Include="external\windows\lua-5.3.4\src\lapi.h">
      <Filter>Header Files</Filter>
    </ClInclude>
    <ClInclude Include="external\windows\lua-5.3.4\src\lauxlib.h">
      <Filter>Header Files</Filter>
    </ClInclude>
    <ClInclude Include="external\windows\lua-5.3.4\src\lcode.h">
      <Filter>Header Files</Filter>
    </ClInclude>
    <ClInclude Include="external\windows\lua-5.3.4\src\lctype.h">
      <Filter>Header Files</Filter>
    </ClInclude>
    <ClInclude Include="external\windows\lua-5.3.4\src\ldebug.h">
      <Filter>Header Files</Filter>
    </ClInclude>
    <ClInclude Include="external\windows\lua-5.3.4\src\ldo.h">
      <Filter>Header Files</Filter>
    </ClInclude>
    <ClInclude Include="external\windows\lua-5.3.4\src\lfunc.h">
      <Filter>Header Files</Filter>
    </ClInclude>
    <ClInclude Include="external\windows\lua-5.3.4\src\lgc.h">
      <Filter>Header Files</Filter>
    </ClInclude>
    <ClInclude Include="external\windows\lua-5.3.4\src\llex.h">
      <Filter>Header Files</Filter>
    </ClInclude>
    <ClInclude Include="external\windows\lua-5.3.4\src\llimits.h">
      <Filter>Header Files</Filter>
    </ClInclude>
    <ClInclude Include="external\windows\lua-5.3.4\src\lmem.h">
      <Filter>Header Files</Filter>
    </ClInclude>
    <ClInclude Include="external\windows\lua-5.3.4\src\lobject.h">
      <Filter>Header Files</Filter>
    </ClInclude>
    <ClInclude Include="external\windows\lua-5.3.4\src\lopcodes.h">
      <Filter>Header Files</Filter>
    </ClInclude>
    <ClInclude Include="external\windows\lua-5.3.4\src\lparser.h">
      <Filter>Header Files</Filter>
    </ClInclude>
    <ClInclude Include="external\windows\lua-5.3.4\src\lprefix.h">
      <Filter>Header Files</Filter>
    </ClInclude>
    <ClInclude Include="external\windows\lua-5.3.4\src\lstate.h">
      <Filter>Header Files</Filter>
    </ClInclude>
    <ClInclude Include="external\windows\lua-5.3.4\src\lstring.h">
      <Filter>Header Files</Filter>
    </ClInclude>
    <ClInclude Include="external\windows\lua-5.3.4\src\ltable.h">
      <Filter>Header Files</Filter>
    </ClInclude>
    <ClInclude Include="external\windows\lua-5.3.4\src\ltm.h">
      <Filter>Header Files</Filter>
    </ClInclude>
    <ClInclude Include="external\windows\lua-5.3.4\src\lua.h">
      <Filter>Header Files</Filter>
    </ClInclude>
    <ClInclude Include="external\windows\lua-5.3.4\src\lua.hpp">
      <Filter>Header Files</Filter>
    </ClInclude>
    <ClInclude Include="external\windows\lua-5.3.4\src\luaconf.h">
      <Filter>Header Files</Filter>
    </ClInclude>
    <ClInclude Include="external\windows\lua-5.3.4\src\lualib.h">
      <Filter>Header Files</Filter>
    </ClInclude>
    <ClInclude Include="external\windows\lua-5.3.4\src\lundump.h">
      <Filter>Header Files</Filter>
    </ClInclude>
    <ClInclude Include="external\windows\lua-5.3.4\src\lvm.h">
      <Filter>Header Files</Filter>
    </ClInclude>
    <ClInclude Include="external\windows\lua-5.3.4\src\lzio.h">
      <Filter>Header Files</Filter>
    </ClInclude>
    <ClInclude Include="src\lib\imgui\examples\sdl_opengl3_example\imgui_impl_sdl_gl3.h">
      <Filter>Header Files</Filter>
    </ClInclude>
    <ClInclude Include="src\lib\imgui\imconfig.h">
      <Filter>Header Files</Filter>
    </ClInclude>
    <ClInclude Include="src\lib\imgui\imgui.h">
      <Filter>Header Files</Filter>
    </ClInclude>
    <ClInclude Include="src\lib\imgui\imgui_internal.h">
      <Filter>Header Files</Filter>
    </ClInclude>
    <ClInclude Include="src\lib\imgui\stb_rect_pack.h">
      <Filter>Header Files</Filter>
    </ClInclude>
    <ClInclude Include="src\lib\imgui\stb_textedit.h">
      <Filter>Header Files</Filter>
    </ClInclude>
    <ClInclude Include="src\lib\imgui\stb_truetype.h">
      <Filter>Header Files</Filter>
    </ClInclude>
    <ClInclude Include="src\lib\imgui\examples\sdl_opengl3_example\gl3w.h">
      <Filter>Header Files</Filter>
    </ClInclude>
    <ClInclude Include="src\lib\imgui\examples\sdl_opengl3_example\glcorearb.h">
      <Filter>Header Files</Filter>
    </ClInclude>
    <ClInclude Include="src\lib\imgui\examples\sdl_opengl3_example\gl3.h">
      <Filter>Header Files</Filter>
    </ClInclude>
    <ClInclude Include="src\lua\system_lua.h">
      <Filter>Header Files</Filter>
    </ClInclude>
  </ItemGroup>
</Project>